
Microsoft Visual Studio Solution File, Format Version 12.00
Project("{FAE04EC0-301F-11D3-BF4B-00C04F79EFBC}") = "otec.egory.api", "otec.egory.api\otec.egory.api.csproj", "{27234707-EC87-488E-87E6-57D6EE53099C}"
EndProject
Project("{FAE04EC0-301F-11D3-BF4B-00C04F79EFBC}") = "otec.egory.api.dto", "otec.egory.api.dto\otec.egory.api.dto.csproj", "{CDADCE7F-9C22-4C14-A107-70A746FC403C}"
EndProject
Global
	GlobalSection(SolutionConfigurationPlatforms) = preSolution
		Debug|Any CPU = Debug|Any CPU
		Release|Any CPU = Release|Any CPU
	EndGlobalSection
	GlobalSection(ProjectConfigurationPlatforms) = postSolution
		{27234707-EC87-488E-87E6-57D6EE53099C}.Debug|Any CPU.ActiveCfg = Debug|Any CPU
		{27234707-EC87-488E-87E6-57D6EE53099C}.Debug|Any CPU.Build.0 = Debug|Any CPU
		{27234707-EC87-488E-87E6-57D6EE53099C}.Release|Any CPU.ActiveCfg = Release|Any CPU
		{27234707-EC87-488E-87E6-57D6EE53099C}.Release|Any CPU.Build.0 = Release|Any CPU
		{CDADCE7F-9C22-4C14-A107-70A746FC403C}.Debug|Any CPU.ActiveCfg = Debug|Any CPU
		{CDADCE7F-9C22-4C14-A107-70A746FC403C}.Debug|Any CPU.Build.0 = Debug|Any CPU
		{CDADCE7F-9C22-4C14-A107-70A746FC403C}.Release|Any CPU.ActiveCfg = Release|Any CPU
		{CDADCE7F-9C22-4C14-A107-70A746FC403C}.Release|Any CPU.Build.0 = Release|Any CPU
	EndGlobalSection
EndGlobal
